
Microsoft Visual Studio Solution File, Format Version 12.00
# Visual Studio Version 16
VisualStudioVersion = 16.0.29709.97
MinimumVisualStudioVersion = 10.0.40219.1
Project("{FAE04EC0-301F-11D3-BF4B-00C04F79EFBC}") = "CalculatorLab", "Calculator\CalculatorLab.csproj", "{1FD088CF-23C6-4BF2-812D-755FC755F01D}"
EndProject
Project("{FAE04EC0-301F-11D3-BF4B-00C04F79EFBC}") = "CalculatorLab.Test.Unit", "CalculatorLab.Test.Unit\CalculatorLab.Test.Unit.csproj", "{1BE2BBBB-3CD2-488C-A128-2F6A0DEB2C79}"
EndProject
Global
	GlobalSection(SolutionConfigurationPlatforms) = preSolution
		Debug|Any CPU = Debug|Any CPU
		Release|Any CPU = Release|Any CPU
	EndGlobalSection
	GlobalSection(ProjectConfigurationPlatforms) = postSolution
		{1FD088CF-23C6-4BF2-812D-755FC755F01D}.Debug|Any CPU.ActiveCfg = Debug|Any CPU
		{1FD088CF-23C6-4BF2-812D-755FC755F01D}.Debug|Any CPU.Build.0 = Debug|Any CPU
		{1FD088CF-23C6-4BF2-812D-755FC755F01D}.Release|Any CPU.ActiveCfg = Release|Any CPU
		{1FD088CF-23C6-4BF2-812D-755FC755F01D}.Release|Any CPU.Build.0 = Release|Any CPU
		{1BE2BBBB-3CD2-488C-A128-2F6A0DEB2C79}.Debug|Any CPU.ActiveCfg = Debug|Any CPU
		{1BE2BBBB-3CD2-488C-A128-2F6A0DEB2C79}.Debug|Any CPU.Build.0 = Debug|Any CPU
		{1BE2BBBB-3CD2-488C-A128-2F6A0DEB2C79}.Release|Any CPU.ActiveCfg = Release|Any CPU
		{1BE2BBBB-3CD2-488C-A128-2F6A0DEB2C79}.Release|Any CPU.Build.0 = Release|Any CPU
	EndGlobalSection
	GlobalSection(SolutionProperties) = preSolution
		HideSolutionNode = FALSE
	EndGlobalSection
	GlobalSection(ExtensibilityGlobals) = postSolution
		SolutionGuid = {CED7C3F7-0D0C-4DAE-AD20-59BF533169BF}
	EndGlobalSection
EndGlobal
